<?xml version="1.0" encoding="Windows-1252"?>
<Project ToolsVersion="12.0" xmlns="http://schemas.microsoft.com/developer/msbuild/2003">
  <ItemGroup>
    <ClCompile Include="../../../../\Source\Common\gdcmVersion.cxx">
      <Filter>Source Files</Filter>
    </ClCompile>
    <ClCompile Include="../../../../\Source\Common\gdcmRegion.cxx">
      <Filter>Source Files</Filter>
    </ClCompile>
    <ClCompile Include="../../../../\Source\Common\gdcmBoxRegion.cxx">
      <Filter>Source Files</Filter>
    </ClCompile>
    <ClCompile Include="../../../../\Source\Common\gdcmEvent.cxx">
      <Filter>Source Files</Filter>
    </ClCompile>
    <ClCompile Include="../../../../\Source\Common\gdcmDataEvent.cxx">
      <Filter>Source Files</Filter>
    </ClCompile>
    <ClCompile Include="../../../../\Source\Common\gdcmProgressEvent.cxx">
      <Filter>Source Files</Filter>
    </ClCompile>
    <ClCompile Include="../../../../\Source\Common\gdcmFileNameEvent.cxx">
      <Filter>Source Files</Filter>
    </ClCompile>
    <ClCompile Include="../../../../\Source\Common\gdcmCommand.cxx">
      <Filter>Source Files</Filter>
    </ClCompile>
    <ClCompile Include="../../../../\Source\Common\gdcmMD5.cxx">
      <Filter>Source Files</Filter>
    </ClCompile>
    <ClCompile Include="../../../../\Source\Common\gdcmBase64.cxx">
      <Filter>Source Files</Filter>
    </ClCompile>
    <ClCompile Include="../../../../\Source\Common\gdcmSHA1.cxx">
      <Filter>Source Files</Filter>
    </ClCompile>
    <ClCompile Include="../../../../\Source\Common\gdcmDummyValueGenerator.cxx">
      <Filter>Source Files</Filter>
    </ClCompile>
    <ClCompile Include="../../../../\Source\Common\gdcmCryptographicMessageSyntax.cxx">
      <Filter>Source Files</Filter>
    </ClCompile>
    <ClCompile Include="../../../../\Source\Common\gdcmCryptoFactory.cxx">
      <Filter>Source Files</Filter>
    </ClCompile>
    <ClCompile Include="../../../../\Source\Common\gdcmASN1.cxx">
      <Filter>Source Files</Filter>
    </ClCompile>
    <ClCompile Include="../../../../\Source\Common\gdcmObject.cxx">
      <Filter>Source Files</Filter>
    </ClCompile>
    <ClCompile Include="../../../../\Source\Common\gdcmSubject.cxx">
      <Filter>Source Files</Filter>
    </ClCompile>
    <ClCompile Include="../../../../\Source\Common\gdcmDirectory.cxx">
      <Filter>Source Files</Filter>
    </ClCompile>
    <ClCompile Include="../../../../\Source\Common\gdcmTerminal.cxx">
      <Filter>Source Files</Filter>
    </ClCompile>
    <ClCompile Include="../../../../\Source\Common\gdcmString.cxx">
      <Filter>Source Files</Filter>
    </ClCompile>
    <ClCompile Include="../../../../\Source\Common\gdcmFilename.cxx">
      <Filter>Source Files</Filter>
    </ClCompile>
    <ClCompile Include="../../../../\Source\Common\gdcmFilenameGenerator.cxx">
      <Filter>Source Files</Filter>
    </ClCompile>
    <ClCompile Include="../../../../\Source\Common\gdcmSwapCode.cxx">
      <Filter>Source Files</Filter>
    </ClCompile>
    <ClCompile Include="../../../../\Source\Common\gdcmSystem.cxx">
      <Filter>Source Files</Filter>
    </ClCompile>
    <ClCompile Include="../../../../\Source\Common\gdcmTrace.cxx">
      <Filter>Source Files</Filter>
    </ClCompile>
    <ClCompile Include="../../../../\Source\Common\gdcmException.cxx">
      <Filter>Source Files</Filter>
    </ClCompile>
    <ClCompile Include="../../../../\Source\Common\gdcmDeflateStream.cxx">
      <Filter>Source Files</Filter>
    </ClCompile>
    <ClCompile Include="../../../../\Source\Common\gdcmByteSwap.cxx">
      <Filter>Source Files</Filter>
    </ClCompile>
    <ClCompile Include="../../../../\Source\Common\gdcmUnpacker12Bits.cxx">
      <Filter>Source Files</Filter>
    </ClCompile>
    <ClCompile Include="../../../../\Source\Common\gdcmCAPICryptographicMessageSyntax.cxx">
      <Filter>Source Files</Filter>
    </ClCompile>
    <ClCompile Include="../../../../\Source\Common\gdcmCAPICryptoFactory.cxx">
      <Filter>Source Files</Filter>
    </ClCompile>
  </ItemGroup>
  <ItemGroup>
    <CustomBuild Include="../../../../\Source\Common\CMakeLists.txt" />
  </ItemGroup>
  <ItemGroup>
    <Filter Include="Source Files">
      <UniqueIdentifier>{22A39A02-EF76-462A-89CB-3817F0B09EBA}</UniqueIdentifier>
    </Filter>
  </ItemGroup>
</Project>
