<?xml version="1.0" encoding="utf-8"?>
<Project ToolsVersion="4.0" xmlns="http://schemas.microsoft.com/developer/msbuild/2003">
  <ItemGroup>
    <Filter Include="Source Files">
      <UniqueIdentifier>{4FC737F1-C7A5-4376-A066-2A32D752A2FF}</UniqueIdentifier>
      <Extensions>cpp;c;cxx;def;odl;idl;hpj;bat;asm;asmx</Extensions>
    </Filter>
    <Filter Include="Header Files">
      <UniqueIdentifier>{93995380-89BD-4b04-88EB-625FBE52EBFB}</UniqueIdentifier>
      <Extensions>h;hpp;hxx;hm;inl;inc;xsd</Extensions>
    </Filter>
  </ItemGroup>
  <ItemGroup>
    <ClCompile Include="..\exiv2\actions.cpp">
      <Filter>Source Files</Filter>
    </ClCompile>
    <ClCompile Include="..\exiv2\basicio.cpp">
      <Filter>Source Files</Filter>
    </ClCompile>
    <ClCompile Include="..\exiv2\bmpimage.cpp">
      <Filter>Source Files</Filter>
    </ClCompile>
    <ClCompile Include="..\exiv2\canonmn.cpp">
      <Filter>Source Files</Filter>
    </ClCompile>
    <ClCompile Include="..\exiv2\convert.cpp">
      <Filter>Source Files</Filter>
    </ClCompile>
    <ClCompile Include="..\exiv2\cr2image.cpp">
      <Filter>Source Files</Filter>
    </ClCompile>
    <ClCompile Include="..\exiv2\crwimage.cpp">
      <Filter>Source Files</Filter>
    </ClCompile>
    <ClCompile Include="..\exiv2\datasets.cpp">
      <Filter>Source Files</Filter>
    </ClCompile>
    <ClCompile Include="..\exiv2\easyaccess.cpp">
      <Filter>Source Files</Filter>
    </ClCompile>
    <ClCompile Include="..\exiv2\epsimage.cpp">
      <Filter>Source Files</Filter>
    </ClCompile>
    <ClCompile Include="..\exiv2\error.cpp">
      <Filter>Source Files</Filter>
    </ClCompile>
    <ClCompile Include="..\exiv2\exif.cpp">
      <Filter>Source Files</Filter>
    </ClCompile>
    <ClCompile Include="..\exiv2\fujimn.cpp">
      <Filter>Source Files</Filter>
    </ClCompile>
    <ClCompile Include="..\exiv2\futils.cpp">
      <Filter>Source Files</Filter>
    </ClCompile>
    <ClCompile Include="..\exiv2\gifimage.cpp">
      <Filter>Source Files</Filter>
    </ClCompile>
    <ClCompile Include="..\exiv2\image.cpp">
      <Filter>Source Files</Filter>
    </ClCompile>
    <ClCompile Include="..\exiv2\iptc.cpp">
      <Filter>Source Files</Filter>
    </ClCompile>
    <ClCompile Include="..\exiv2\jp2image.cpp">
      <Filter>Source Files</Filter>
    </ClCompile>
    <ClCompile Include="..\exiv2\jpgimage.cpp">
      <Filter>Source Files</Filter>
    </ClCompile>
    <ClCompile Include="..\exiv2\makernote.cpp">
      <Filter>Source Files</Filter>
    </ClCompile>
    <ClCompile Include="..\exiv2\metadatum.cpp">
      <Filter>Source Files</Filter>
    </ClCompile>
    <ClCompile Include="..\exiv2\minoltamn.cpp">
      <Filter>Source Files</Filter>
    </ClCompile>
    <ClCompile Include="..\exiv2\mrwimage.cpp">
      <Filter>Source Files</Filter>
    </ClCompile>
    <ClCompile Include="..\exiv2\nikonmn.cpp">
      <Filter>Source Files</Filter>
    </ClCompile>
    <ClCompile Include="..\exiv2\olympusmn.cpp">
      <Filter>Source Files</Filter>
    </ClCompile>
    <ClCompile Include="..\exiv2\orfimage.cpp">
      <Filter>Source Files</Filter>
    </ClCompile>
    <ClCompile Include="..\exiv2\panasonicmn.cpp">
      <Filter>Source Files</Filter>
    </ClCompile>
    <ClCompile Include="..\exiv2\pentaxmn.cpp">
      <Filter>Source Files</Filter>
    </ClCompile>
    <ClCompile Include="..\exiv2\pgfimage.cpp">
      <Filter>Source Files</Filter>
    </ClCompile>
    <ClCompile Include="..\exiv2\pngchunk.cpp">
      <Filter>Source Files</Filter>
    </ClCompile>
    <ClCompile Include="..\exiv2\pngimage.cpp">
      <Filter>Source Files</Filter>
    </ClCompile>
    <ClCompile Include="..\exiv2\preview.cpp">
      <Filter>Source Files</Filter>
    </ClCompile>
    <ClCompile Include="..\exiv2\properties.cpp">
      <Filter>Source Files</Filter>
    </ClCompile>
    <ClCompile Include="..\exiv2\psdimage.cpp">
      <Filter>Source Files</Filter>
    </ClCompile>
    <ClCompile Include="..\exiv2\rafimage.cpp">
      <Filter>Source Files</Filter>
    </ClCompile>
    <ClCompile Include="..\exiv2\rw2image.cpp">
      <Filter>Source Files</Filter>
    </ClCompile>
    <ClCompile Include="..\exiv2\samsungmn.cpp">
      <Filter>Source Files</Filter>
    </ClCompile>
    <ClCompile Include="..\exiv2\sigmamn.cpp">
      <Filter>Source Files</Filter>
    </ClCompile>
    <ClCompile Include="..\exiv2\sonymn.cpp">
      <Filter>Source Files</Filter>
    </ClCompile>
    <ClCompile Include="..\exiv2\tags.cpp">
      <Filter>Source Files</Filter>
    </ClCompile>
    <ClCompile Include="..\exiv2\tgaimage.cpp">
      <Filter>Source Files</Filter>
    </ClCompile>
    <ClCompile Include="..\exiv2\tiffcomposite.cpp">
      <Filter>Source Files</Filter>
    </ClCompile>
    <ClCompile Include="..\exiv2\tiffimage.cpp">
      <Filter>Source Files</Filter>
    </ClCompile>
    <ClCompile Include="..\exiv2\tiffvisitor.cpp">
      <Filter>Source Files</Filter>
    </ClCompile>
    <ClCompile Include="..\exiv2\types.cpp">
      <Filter>Source Files</Filter>
    </ClCompile>
    <ClCompile Include="..\exiv2\utils.cpp">
      <Filter>Source Files</Filter>
    </ClCompile>
    <ClCompile Include="..\exiv2\value.cpp">
      <Filter>Source Files</Filter>
    </ClCompile>
    <ClCompile Include="..\exiv2\version.cpp">
      <Filter>Source Files</Filter>
    </ClCompile>
    <ClCompile Include="..\exiv2\xmp.cpp">
      <Filter>Source Files</Filter>
    </ClCompile>
    <ClCompile Include="..\exiv2\xmpsidecar.cpp">
      <Filter>Source Files</Filter>
    </ClCompile>
  </ItemGroup>
  <ItemGroup>
    <ClInclude Include="..\exiv2\actions.hpp">
      <Filter>Header Files</Filter>
    </ClInclude>
    <ClInclude Include="..\exiv2\basicio.hpp">
      <Filter>Header Files</Filter>
    </ClInclude>
    <ClInclude Include="..\exiv2\bmpimage.hpp">
      <Filter>Header Files</Filter>
    </ClInclude>
    <ClInclude Include="..\exiv2\canonmn_int.hpp">
      <Filter>Header Files</Filter>
    </ClInclude>
    <ClInclude Include="..\exiv2\convert.hpp">
      <Filter>Header Files</Filter>
    </ClInclude>
    <ClInclude Include="..\exiv2\cr2image.hpp">
      <Filter>Header Files</Filter>
    </ClInclude>
    <ClInclude Include="..\exiv2\cr2image_int.hpp">
      <Filter>Header Files</Filter>
    </ClInclude>
    <ClInclude Include="..\exiv2\crwimage.hpp">
      <Filter>Header Files</Filter>
    </ClInclude>
    <ClInclude Include="..\exiv2\crwimage_int.hpp">
      <Filter>Header Files</Filter>
    </ClInclude>
    <ClInclude Include="..\exiv2\datasets.hpp">
      <Filter>Header Files</Filter>
    </ClInclude>
    <ClInclude Include="..\exiv2\easyaccess.hpp">
      <Filter>Header Files</Filter>
    </ClInclude>
    <ClInclude Include="..\exiv2\epsimage.hpp">
      <Filter>Header Files</Filter>
    </ClInclude>
    <ClInclude Include="..\exiv2\error.hpp">
      <Filter>Header Files</Filter>
    </ClInclude>
    <ClInclude Include="..\exiv2\exif.hpp">
      <Filter>Header Files</Filter>
    </ClInclude>
    <ClInclude Include="..\exiv2\exiv2.hpp">
      <Filter>Header Files</Filter>
    </ClInclude>
    <ClInclude Include="..\exiv2\exiv2app.hpp">
      <Filter>Header Files</Filter>
    </ClInclude>
    <ClInclude Include="..\exiv2\fujimn_int.hpp">
      <Filter>Header Files</Filter>
    </ClInclude>
    <ClInclude Include="..\exiv2\futils.hpp">
      <Filter>Header Files</Filter>
    </ClInclude>
    <ClInclude Include="..\exiv2\gifimage.hpp">
      <Filter>Header Files</Filter>
    </ClInclude>
    <ClInclude Include="..\exiv2\image.hpp">
      <Filter>Header Files</Filter>
    </ClInclude>
    <ClInclude Include="..\exiv2\iptc.hpp">
      <Filter>Header Files</Filter>
    </ClInclude>
    <ClInclude Include="..\exiv2\jp2image.hpp">
      <Filter>Header Files</Filter>
    </ClInclude>
    <ClInclude Include="..\exiv2\jpgimage.hpp">
      <Filter>Header Files</Filter>
    </ClInclude>
    <ClInclude Include="..\exiv2\makernote_int.hpp">
      <Filter>Header Files</Filter>
    </ClInclude>
    <ClInclude Include="..\exiv2\metacopy.hpp">
      <Filter>Header Files</Filter>
    </ClInclude>
    <ClInclude Include="..\exiv2\metadatum.hpp">
      <Filter>Header Files</Filter>
    </ClInclude>
    <ClInclude Include="..\exiv2\minoltamn_int.hpp">
      <Filter>Header Files</Filter>
    </ClInclude>
    <ClInclude Include="..\exiv2\mrwimage.hpp">
      <Filter>Header Files</Filter>
    </ClInclude>
    <ClInclude Include="..\exiv2\nikonmn_int.hpp">
      <Filter>Header Files</Filter>
    </ClInclude>
    <ClInclude Include="..\exiv2\olympusmn_int.hpp">
      <Filter>Header Files</Filter>
    </ClInclude>
    <ClInclude Include="..\exiv2\orfimage.hpp">
      <Filter>Header Files</Filter>
    </ClInclude>
    <ClInclude Include="..\exiv2\orfimage_int.hpp">
      <Filter>Header Files</Filter>
    </ClInclude>
    <ClInclude Include="..\exiv2\panasonicmn_int.hpp">
      <Filter>Header Files</Filter>
    </ClInclude>
    <ClInclude Include="..\exiv2\pentaxmn_int.hpp">
      <Filter>Header Files</Filter>
    </ClInclude>
    <ClInclude Include="..\exiv2\pgfimage.hpp">
      <Filter>Header Files</Filter>
    </ClInclude>
    <ClInclude Include="..\exiv2\pngchunk_int.hpp">
      <Filter>Header Files</Filter>
    </ClInclude>
    <ClInclude Include="..\exiv2\pngimage.hpp">
      <Filter>Header Files</Filter>
    </ClInclude>
    <ClInclude Include="..\exiv2\preview.hpp">
      <Filter>Header Files</Filter>
    </ClInclude>
    <ClInclude Include="..\exiv2\properties.hpp">
      <Filter>Header Files</Filter>
    </ClInclude>
    <ClInclude Include="..\exiv2\psdimage.hpp">
      <Filter>Header Files</Filter>
    </ClInclude>
    <ClInclude Include="..\exiv2\rafimage.hpp">
      <Filter>Header Files</Filter>
    </ClInclude>
    <ClInclude Include="..\exiv2\rcsid_int.hpp">
      <Filter>Header Files</Filter>
    </ClInclude>
    <ClInclude Include="..\exiv2\rw2image.hpp">
      <Filter>Header Files</Filter>
    </ClInclude>
    <ClInclude Include="..\exiv2\rw2image_int.hpp">
      <Filter>Header Files</Filter>
    </ClInclude>
    <ClInclude Include="..\exiv2\samsungmn_int.hpp">
      <Filter>Header Files</Filter>
    </ClInclude>
    <ClInclude Include="..\exiv2\sigmamn_int.hpp">
      <Filter>Header Files</Filter>
    </ClInclude>
    <ClInclude Include="..\exiv2\sonymn_int.hpp">
      <Filter>Header Files</Filter>
    </ClInclude>
    <ClInclude Include="..\exiv2\tags.hpp">
      <Filter>Header Files</Filter>
    </ClInclude>
    <ClInclude Include="..\exiv2\tags_int.hpp">
      <Filter>Header Files</Filter>
    </ClInclude>
    <ClInclude Include="..\exiv2\tgaimage.hpp">
      <Filter>Header Files</Filter>
    </ClInclude>
    <ClInclude Include="..\exiv2\tiffcomposite_int.hpp">
      <Filter>Header Files</Filter>
    </ClInclude>
    <ClInclude Include="..\exiv2\tifffwd_int.hpp">
      <Filter>Header Files</Filter>
    </ClInclude>
    <ClInclude Include="..\exiv2\tiffimage.hpp">
      <Filter>Header Files</Filter>
    </ClInclude>
    <ClInclude Include="..\exiv2\tiffimage_int.hpp">
      <Filter>Header Files</Filter>
    </ClInclude>
    <ClInclude Include="..\exiv2\tiffvisitor_int.hpp">
      <Filter>Header Files</Filter>
    </ClInclude>
    <ClInclude Include="..\exiv2\types.hpp">
      <Filter>Header Files</Filter>
    </ClInclude>
    <ClInclude Include="..\exiv2\utils.hpp">
      <Filter>Header Files</Filter>
    </ClInclude>
    <ClInclude Include="..\exiv2\value.hpp">
      <Filter>Header Files</Filter>
    </ClInclude>
    <ClInclude Include="..\exiv2\version.hpp">
      <Filter>Header Files</Filter>
    </ClInclude>
    <ClInclude Include="..\exiv2\xmp.hpp">
      <Filter>Header Files</Filter>
    </ClInclude>
    <ClInclude Include="..\exiv2\xmpsidecar.hpp">
      <Filter>Header Files</Filter>
    </ClInclude>
  </ItemGroup>
</Project>