<?xml version="1.0" encoding="utf-8"?>
<Project ToolsVersion="4.0" xmlns="http://schemas.microsoft.com/developer/msbuild/2003">
  <ItemGroup>
    <Filter Include="Source Files">
      <UniqueIdentifier>{60c18464-303a-40f5-996d-d04df2ab8aba}</UniqueIdentifier>
      <Extensions>cpp;c;cxx;rc;def;r;odl;idl;hpj;bat</Extensions>
    </Filter>
    <Filter Include="Header Files">
      <UniqueIdentifier>{5b5dda44-07f3-44b2-8075-d539ebf17af3}</UniqueIdentifier>
      <Extensions>h;hpp;hxx;hm;inl</Extensions>
    </Filter>
  </ItemGroup>
  <ItemGroup>
    <ClCompile Include="..\..\cpl_csv.c">
      <Filter>Source Files</Filter>
    </ClCompile>
    <ClCompile Include="..\..\cpl_serv.c">
      <Filter>Source Files</Filter>
    </ClCompile>
    <ClCompile Include="..\..\geo_extra.c">
      <Filter>Source Files</Filter>
    </ClCompile>
    <ClCompile Include="..\..\geo_free.c">
      <Filter>Source Files</Filter>
    </ClCompile>
    <ClCompile Include="..\..\geo_get.c">
      <Filter>Source Files</Filter>
    </ClCompile>
    <ClCompile Include="..\..\geo_names.c">
      <Filter>Source Files</Filter>
    </ClCompile>
    <ClCompile Include="..\..\geo_new.c">
      <Filter>Source Files</Filter>
    </ClCompile>
    <ClCompile Include="..\..\geo_normalize.c">
      <Filter>Source Files</Filter>
    </ClCompile>
    <ClCompile Include="..\..\geo_print.c">
      <Filter>Source Files</Filter>
    </ClCompile>
    <ClCompile Include="..\..\geo_simpletags.c">
      <Filter>Source Files</Filter>
    </ClCompile>
    <ClCompile Include="..\..\geo_strtod.c">
      <Filter>Source Files</Filter>
    </ClCompile>
    <ClCompile Include="..\..\geo_tiffp.c">
      <Filter>Source Files</Filter>
    </ClCompile>
    <ClCompile Include="..\..\geo_trans.c">
      <Filter>Source Files</Filter>
    </ClCompile>
    <ClCompile Include="..\..\geo_write.c">
      <Filter>Source Files</Filter>
    </ClCompile>
    <ClCompile Include="..\..\geo_set.c">
      <Filter>Source Files</Filter>
    </ClCompile>
    <ClCompile Include="..\..\geotiff_proj4.c">
      <Filter>Source Files</Filter>
    </ClCompile>
  </ItemGroup>
  <ItemGroup>
    <ClInclude Include="..\..\cpl_serv.h">
      <Filter>Header Files</Filter>
    </ClInclude>
    <ClInclude Include="..\..\geo_config.h">
      <Filter>Header Files</Filter>
    </ClInclude>
    <ClInclude Include="..\..\geo_incode_defs.h">
      <Filter>Header Files</Filter>
    </ClInclude>
    <ClInclude Include="..\..\geo_keyp.h">
      <Filter>Header Files</Filter>
    </ClInclude>
    <ClInclude Include="..\..\geo_normalize.h">
      <Filter>Header Files</Filter>
    </ClInclude>
    <ClInclude Include="..\..\geo_simpletags.h">
      <Filter>Header Files</Filter>
    </ClInclude>
    <ClInclude Include="..\..\geo_tiffp.h">
      <Filter>Header Files</Filter>
    </ClInclude>
    <ClInclude Include="..\..\geokeys.h">
      <Filter>Header Files</Filter>
    </ClInclude>
    <ClInclude Include="..\..\geonames.h">
      <Filter>Header Files</Filter>
    </ClInclude>
    <ClInclude Include="..\..\geotiff.h">
      <Filter>Header Files</Filter>
    </ClInclude>
    <ClInclude Include="..\..\geotiffio.h">
      <Filter>Header Files</Filter>
    </ClInclude>
    <ClInclude Include="..\..\geovalues.h">
      <Filter>Header Files</Filter>
    </ClInclude>
  </ItemGroup>
</Project>