Microsoft Visual Studio Solution File, Format Version 12.00
# Visual Studio 2013
Project("{8BC9CEB8-8B4A-11D0-8D11-00A0C91BC942}") = "ALL_BUILD", "ALL_BUILD.vcxproj", "{6F6AEC9F-FC47-4E9E-8A58-0CD579FD5A29}"
	ProjectSection(ProjectDependencies) = postProject
		{31EFBCF6-B99D-4F91-9D0B-9D8D31522E63} = {31EFBCF6-B99D-4F91-9D0B-9D8D31522E63}
		{87B2EDB5-DEA5-4C8D-BC8A-F7D2321F13FB} = {87B2EDB5-DEA5-4C8D-BC8A-F7D2321F13FB}
		{866F9BFC-6F18-4F31-9844-31ADEBCA61CB} = {866F9BFC-6F18-4F31-9844-31ADEBCA61CB}
	EndProjectSection
EndProject
Project("{8BC9CEB8-8B4A-11D0-8D11-00A0C91BC942}") = "INSTALL", "INSTALL.vcxproj", "{C39F105D-9D9E-4388-82DE-00CF3A011FC7}"
	ProjectSection(ProjectDependencies) = postProject
		{6F6AEC9F-FC47-4E9E-8A58-0CD579FD5A29} = {6F6AEC9F-FC47-4E9E-8A58-0CD579FD5A29}
	EndProjectSection
EndProject
Project("{8BC9CEB8-8B4A-11D0-8D11-00A0C91BC942}") = "PACKAGE", "PACKAGE.vcxproj", "{7E83577F-46B3-480D-97BA-6EAA43A137E7}"
	ProjectSection(ProjectDependencies) = postProject
		{6F6AEC9F-FC47-4E9E-8A58-0CD579FD5A29} = {6F6AEC9F-FC47-4E9E-8A58-0CD579FD5A29}
	EndProjectSection
EndProject
Project("{8BC9CEB8-8B4A-11D0-8D11-00A0C91BC942}") = "ZERO_CHECK", "..\..\ZERO_CHECK.vcxproj", "{D94B18CC-4321-41ED-B68E-5BF058ADAD20}"
	ProjectSection(ProjectDependencies) = postProject
	EndProjectSection
EndProject
Project("{8BC9CEB8-8B4A-11D0-8D11-00A0C91BC942}") = "gdcmjpeg12", "12\gdcmjpeg12.vcxproj", "{31EFBCF6-B99D-4F91-9D0B-9D8D31522E63}"
	ProjectSection(ProjectDependencies) = postProject
		{D94B18CC-4321-41ED-B68E-5BF058ADAD20} = {D94B18CC-4321-41ED-B68E-5BF058ADAD20}
	EndProjectSection
EndProject
Project("{8BC9CEB8-8B4A-11D0-8D11-00A0C91BC942}") = "gdcmjpeg16", "16\gdcmjpeg16.vcxproj", "{87B2EDB5-DEA5-4C8D-BC8A-F7D2321F13FB}"
	ProjectSection(ProjectDependencies) = postProject
		{D94B18CC-4321-41ED-B68E-5BF058ADAD20} = {D94B18CC-4321-41ED-B68E-5BF058ADAD20}
	EndProjectSection
EndProject
Project("{8BC9CEB8-8B4A-11D0-8D11-00A0C91BC942}") = "gdcmjpeg8", "8\gdcmjpeg8.vcxproj", "{866F9BFC-6F18-4F31-9844-31ADEBCA61CB}"
	ProjectSection(ProjectDependencies) = postProject
		{D94B18CC-4321-41ED-B68E-5BF058ADAD20} = {D94B18CC-4321-41ED-B68E-5BF058ADAD20}
	EndProjectSection
EndProject
Global
	GlobalSection(SolutionConfigurationPlatforms) = preSolution
		Debug|x64 = Debug|x64
		Release|x64 = Release|x64
		MinSizeRel|x64 = MinSizeRel|x64
		RelWithDebInfo|x64 = RelWithDebInfo|x64
	EndGlobalSection
	GlobalSection(ProjectConfigurationPlatforms) = postSolution
		{6F6AEC9F-FC47-4E9E-8A58-0CD579FD5A29}.Debug|x64.ActiveCfg = Debug|x64
		{6F6AEC9F-FC47-4E9E-8A58-0CD579FD5A29}.Debug|x64.Build.0 = Debug|x64
		{6F6AEC9F-FC47-4E9E-8A58-0CD579FD5A29}.Release|x64.ActiveCfg = Release|x64
		{6F6AEC9F-FC47-4E9E-8A58-0CD579FD5A29}.Release|x64.Build.0 = Release|x64
		{6F6AEC9F-FC47-4E9E-8A58-0CD579FD5A29}.MinSizeRel|x64.ActiveCfg = MinSizeRel|x64
		{6F6AEC9F-FC47-4E9E-8A58-0CD579FD5A29}.MinSizeRel|x64.Build.0 = MinSizeRel|x64
		{6F6AEC9F-FC47-4E9E-8A58-0CD579FD5A29}.RelWithDebInfo|x64.ActiveCfg = RelWithDebInfo|x64
		{6F6AEC9F-FC47-4E9E-8A58-0CD579FD5A29}.RelWithDebInfo|x64.Build.0 = RelWithDebInfo|x64
		{C39F105D-9D9E-4388-82DE-00CF3A011FC7}.Debug|x64.ActiveCfg = Debug|x64
		{C39F105D-9D9E-4388-82DE-00CF3A011FC7}.Release|x64.ActiveCfg = Release|x64
		{C39F105D-9D9E-4388-82DE-00CF3A011FC7}.MinSizeRel|x64.ActiveCfg = MinSizeRel|x64
		{C39F105D-9D9E-4388-82DE-00CF3A011FC7}.RelWithDebInfo|x64.ActiveCfg = RelWithDebInfo|x64
		{7E83577F-46B3-480D-97BA-6EAA43A137E7}.Debug|x64.ActiveCfg = Debug|x64
		{7E83577F-46B3-480D-97BA-6EAA43A137E7}.Release|x64.ActiveCfg = Release|x64
		{7E83577F-46B3-480D-97BA-6EAA43A137E7}.MinSizeRel|x64.ActiveCfg = MinSizeRel|x64
		{7E83577F-46B3-480D-97BA-6EAA43A137E7}.RelWithDebInfo|x64.ActiveCfg = RelWithDebInfo|x64
		{D94B18CC-4321-41ED-B68E-5BF058ADAD20}.Debug|x64.ActiveCfg = Debug|x64
		{D94B18CC-4321-41ED-B68E-5BF058ADAD20}.Debug|x64.Build.0 = Debug|x64
		{D94B18CC-4321-41ED-B68E-5BF058ADAD20}.Release|x64.ActiveCfg = Release|x64
		{D94B18CC-4321-41ED-B68E-5BF058ADAD20}.Release|x64.Build.0 = Release|x64
		{D94B18CC-4321-41ED-B68E-5BF058ADAD20}.MinSizeRel|x64.ActiveCfg = MinSizeRel|x64
		{D94B18CC-4321-41ED-B68E-5BF058ADAD20}.MinSizeRel|x64.Build.0 = MinSizeRel|x64
		{D94B18CC-4321-41ED-B68E-5BF058ADAD20}.RelWithDebInfo|x64.ActiveCfg = RelWithDebInfo|x64
		{D94B18CC-4321-41ED-B68E-5BF058ADAD20}.RelWithDebInfo|x64.Build.0 = RelWithDebInfo|x64
		{31EFBCF6-B99D-4F91-9D0B-9D8D31522E63}.Debug|x64.ActiveCfg = Debug|x64
		{31EFBCF6-B99D-4F91-9D0B-9D8D31522E63}.Debug|x64.Build.0 = Debug|x64
		{31EFBCF6-B99D-4F91-9D0B-9D8D31522E63}.Release|x64.ActiveCfg = Release|x64
		{31EFBCF6-B99D-4F91-9D0B-9D8D31522E63}.Release|x64.Build.0 = Release|x64
		{31EFBCF6-B99D-4F91-9D0B-9D8D31522E63}.MinSizeRel|x64.ActiveCfg = MinSizeRel|x64
		{31EFBCF6-B99D-4F91-9D0B-9D8D31522E63}.MinSizeRel|x64.Build.0 = MinSizeRel|x64
		{31EFBCF6-B99D-4F91-9D0B-9D8D31522E63}.RelWithDebInfo|x64.ActiveCfg = RelWithDebInfo|x64
		{31EFBCF6-B99D-4F91-9D0B-9D8D31522E63}.RelWithDebInfo|x64.Build.0 = RelWithDebInfo|x64
		{87B2EDB5-DEA5-4C8D-BC8A-F7D2321F13FB}.Debug|x64.ActiveCfg = Debug|x64
		{87B2EDB5-DEA5-4C8D-BC8A-F7D2321F13FB}.Debug|x64.Build.0 = Debug|x64
		{87B2EDB5-DEA5-4C8D-BC8A-F7D2321F13FB}.Release|x64.ActiveCfg = Release|x64
		{87B2EDB5-DEA5-4C8D-BC8A-F7D2321F13FB}.Release|x64.Build.0 = Release|x64
		{87B2EDB5-DEA5-4C8D-BC8A-F7D2321F13FB}.MinSizeRel|x64.ActiveCfg = MinSizeRel|x64
		{87B2EDB5-DEA5-4C8D-BC8A-F7D2321F13FB}.MinSizeRel|x64.Build.0 = MinSizeRel|x64
		{87B2EDB5-DEA5-4C8D-BC8A-F7D2321F13FB}.RelWithDebInfo|x64.ActiveCfg = RelWithDebInfo|x64
		{87B2EDB5-DEA5-4C8D-BC8A-F7D2321F13FB}.RelWithDebInfo|x64.Build.0 = RelWithDebInfo|x64
		{866F9BFC-6F18-4F31-9844-31ADEBCA61CB}.Debug|x64.ActiveCfg = Debug|x64
		{866F9BFC-6F18-4F31-9844-31ADEBCA61CB}.Debug|x64.Build.0 = Debug|x64
		{866F9BFC-6F18-4F31-9844-31ADEBCA61CB}.Release|x64.ActiveCfg = Release|x64
		{866F9BFC-6F18-4F31-9844-31ADEBCA61CB}.Release|x64.Build.0 = Release|x64
		{866F9BFC-6F18-4F31-9844-31ADEBCA61CB}.MinSizeRel|x64.ActiveCfg = MinSizeRel|x64
		{866F9BFC-6F18-4F31-9844-31ADEBCA61CB}.MinSizeRel|x64.Build.0 = MinSizeRel|x64
		{866F9BFC-6F18-4F31-9844-31ADEBCA61CB}.RelWithDebInfo|x64.ActiveCfg = RelWithDebInfo|x64
		{866F9BFC-6F18-4F31-9844-31ADEBCA61CB}.RelWithDebInfo|x64.Build.0 = RelWithDebInfo|x64
	EndGlobalSection
	GlobalSection(ExtensibilityGlobals) = postSolution
	EndGlobalSection
	GlobalSection(ExtensibilityAddIns) = postSolution
	EndGlobalSection
EndGlobal
